
Microsoft Visual Studio Solution File, Format Version 12.00
# Visual Studio 15
VisualStudioVersion = 15.0.27004.2006
MinimumVisualStudioVersion = 10.0.40219.1
Project("{FAE04EC0-301F-11D3-BF4B-00C04F79EFBC}") = "boottrader-dotnet", "boottrader-dotnet\boottrader-dotnet.csproj", "{A04E4A04-8FEE-4C86-A5AE-82BB91F6324A}"
EndProject
Global
	GlobalSection(SolutionConfigurationPlatforms) = preSolution
		Debug|Any CPU = Debug|Any CPU
		Release|Any CPU = Release|Any CPU
	EndGlobalSection
	GlobalSection(ProjectConfigurationPlatforms) = postSolution
		{A04E4A04-8FEE-4C86-A5AE-82BB91F6324A}.Debug|Any CPU.ActiveCfg = Debug|Any CPU
		{A04E4A04-8FEE-4C86-A5AE-82BB91F6324A}.Debug|Any CPU.Build.0 = Debug|Any CPU
		{A04E4A04-8FEE-4C86-A5AE-82BB91F6324A}.Release|Any CPU.ActiveCfg = Release|Any CPU
		{A04E4A04-8FEE-4C86-A5AE-82BB91F6324A}.Release|Any CPU.Build.0 = Release|Any CPU
	EndGlobalSection
	GlobalSection(SolutionProperties) = preSolution
		HideSolutionNode = FALSE
	EndGlobalSection
	GlobalSection(ExtensibilityGlobals) = postSolution
		SolutionGuid = {3A910EE2-3DD6-447F-9ACA-0BBC95D02296}
	EndGlobalSection
EndGlobal
